
Microsoft Visual Studio Solution File, Format Version 12.00
# Visual Studio Version 16
VisualStudioVersion = 16.0.31515.178
MinimumVisualStudioVersion = 10.0.40219.1
Project("{FAE04EC0-301F-11D3-BF4B-00C04F79EFBC}") = "ECommerce", "ECommerce\ECommerce.csproj", "{8C48FD67-0ECB-41D6-BF52-B1E038C00278}"
EndProject
Project("{FAE04EC0-301F-11D3-BF4B-00C04F79EFBC}") = "ECommerce.Data", "ECommerce.Data\ECommerce.Data.csproj", "{45B4C4EA-0BEE-41B9-926B-13125E61F148}"
EndProject
Project("{FAE04EC0-301F-11D3-BF4B-00C04F79EFBC}") = "ECommerce.Models", "ECommerce.Models\ECommerce.Models.csproj", "{3D3A4885-6F05-412B-8361-DB5A40060706}"
EndProject
Project("{FAE04EC0-301F-11D3-BF4B-00C04F79EFBC}") = "ECommerce.Application", "ECommerce.Application\ECommerce.Application.csproj", "{02AC6E93-7A1C-4D06-9DB7-432CDA27D94C}"
EndProject
Project("{FAE04EC0-301F-11D3-BF4B-00C04F79EFBC}") = "ECommerce.Conekta", "ECommerce.Conekta\ECommerce.Conekta.csproj", "{D2FB8541-E37D-45A1-8955-409054B06817}"
EndProject
Global
	GlobalSection(SolutionConfigurationPlatforms) = preSolution
		Debug|Any CPU = Debug|Any CPU
		Release|Any CPU = Release|Any CPU
	EndGlobalSection
	GlobalSection(ProjectConfigurationPlatforms) = postSolution
		{8C48FD67-0ECB-41D6-BF52-B1E038C00278}.Debug|Any CPU.ActiveCfg = Debug|Any CPU
		{8C48FD67-0ECB-41D6-BF52-B1E038C00278}.Debug|Any CPU.Build.0 = Debug|Any CPU
		{8C48FD67-0ECB-41D6-BF52-B1E038C00278}.Release|Any CPU.ActiveCfg = Release|Any CPU
		{8C48FD67-0ECB-41D6-BF52-B1E038C00278}.Release|Any CPU.Build.0 = Release|Any CPU
		{45B4C4EA-0BEE-41B9-926B-13125E61F148}.Debug|Any CPU.ActiveCfg = Debug|Any CPU
		{45B4C4EA-0BEE-41B9-926B-13125E61F148}.Debug|Any CPU.Build.0 = Debug|Any CPU
		{45B4C4EA-0BEE-41B9-926B-13125E61F148}.Release|Any CPU.ActiveCfg = Release|Any CPU
		{45B4C4EA-0BEE-41B9-926B-13125E61F148}.Release|Any CPU.Build.0 = Release|Any CPU
		{3D3A4885-6F05-412B-8361-DB5A40060706}.Debug|Any CPU.ActiveCfg = Debug|Any CPU
		{3D3A4885-6F05-412B-8361-DB5A40060706}.Debug|Any CPU.Build.0 = Debug|Any CPU
		{3D3A4885-6F05-412B-8361-DB5A40060706}.Release|Any CPU.ActiveCfg = Release|Any CPU
		{3D3A4885-6F05-412B-8361-DB5A40060706}.Release|Any CPU.Build.0 = Release|Any CPU
		{02AC6E93-7A1C-4D06-9DB7-432CDA27D94C}.Debug|Any CPU.ActiveCfg = Debug|Any CPU
		{02AC6E93-7A1C-4D06-9DB7-432CDA27D94C}.Debug|Any CPU.Build.0 = Debug|Any CPU
		{02AC6E93-7A1C-4D06-9DB7-432CDA27D94C}.Release|Any CPU.ActiveCfg = Release|Any CPU
		{02AC6E93-7A1C-4D06-9DB7-432CDA27D94C}.Release|Any CPU.Build.0 = Release|Any CPU
		{D2FB8541-E37D-45A1-8955-409054B06817}.Debug|Any CPU.ActiveCfg = Debug|Any CPU
		{D2FB8541-E37D-45A1-8955-409054B06817}.Debug|Any CPU.Build.0 = Debug|Any CPU
		{D2FB8541-E37D-45A1-8955-409054B06817}.Release|Any CPU.ActiveCfg = Release|Any CPU
		{D2FB8541-E37D-45A1-8955-409054B06817}.Release|Any CPU.Build.0 = Release|Any CPU
	EndGlobalSection
	GlobalSection(SolutionProperties) = preSolution
		HideSolutionNode = FALSE
	EndGlobalSection
	GlobalSection(ExtensibilityGlobals) = postSolution
		SolutionGuid = {C5F5BDCD-7171-47BE-8428-09692080A34A}
	EndGlobalSection
EndGlobal
